# This file is automatically @generated by Wally.
# It is not intended for manual editing.
registry = "test"

[[package]]
name = "elttob/fusion"
version = "0.3.0"
dependencies = []

[[package]]
name = "shakasante/noob-defenders"
version = "0.1.1"
dependencies = [["EnumList", "sleitnick/enum-list@1.0.2"], ["Fusion", "elttob/fusion@0.3.0"], ["Loader", "sleitnick/loader@2.0.0"]]

[[package]]
name = "sleitnick/enum-list"
version = "1.0.2"
dependencies = [["Symbol", "sleitnick/symbol@1.0.1"]]

[[package]]
name = "sleitnick/loader"
version = "2.0.0"
dependencies = []

[[package]]
name = "sleitnick/symbol"
version = "1.0.1"
dependencies = []
